// !$*UTF8*$!
{
	archiveVersion = 1;
	classes = {
	};
	objectVersion = 50;
	objects = {

/* Begin PBXBuildFile section */
		C81C75B826A073A80068A906 /* AppDelegate.swift in Sources */ = {isa = PBXBuildFile; fileRef = C81C75B726A073A80068A906 /* AppDelegate.swift */; };
		C81C75BF26A073A80068A906 /* Main.storyboard in Resources */ = {isa = PBXBuildFile; fileRef = C81C75BD26A073A80068A906 /* Main.storyboard */; };
		C81C75C126A073AA0068A906 /* Assets.xcassets in Resources */ = {isa = PBXBuildFile; fileRef = C81C75C026A073AA0068A906 /* Assets.xcassets */; };
		C81C75DE26A172120068A906 /* ExchangeRateViewController.swift in Sources */ = {isa = PBXBuildFile; fileRef = C81C75DD26A172120068A906 /* ExchangeRateViewController.swift */; };
		C81C75E226A1721F0068A906 /* TranslatorViewController.swift in Sources */ = {isa = PBXBuildFile; fileRef = C81C75E126A1721F0068A906 /* TranslatorViewController.swift */; };
		C81C75E526A1722C0068A906 /* WeatherViewController.swift in Sources */ = {isa = PBXBuildFile; fileRef = C81C75E426A1722C0068A906 /* WeatherViewController.swift */; };
		C8600C3D272AB21A00635536 /* Translator.swift in Sources */ = {isa = PBXBuildFile; fileRef = C8600C3C272AB21A00635536 /* Translator.swift */; };
		C8600C40272AB23000635536 /* TranslatorService.swift in Sources */ = {isa = PBXBuildFile; fileRef = C8600C3F272AB23000635536 /* TranslatorService.swift */; };
		C894FD14274E6B940098B6FD /* Weather.swift in Sources */ = {isa = PBXBuildFile; fileRef = C894FD13274E6B940098B6FD /* Weather.swift */; };
		C894FD16274E6E850098B6FD /* WeatherService.swift in Sources */ = {isa = PBXBuildFile; fileRef = C894FD15274E6E850098B6FD /* WeatherService.swift */; };
		C8B0B2A5271D7217004B5EC6 /* APIKeys.swift in Sources */ = {isa = PBXBuildFile; fileRef = C8B0B2A4271D7217004B5EC6 /* APIKeys.swift */; };
		C8B0B2A8271D7366004B5EC6 /* ExchangeRate.swift in Sources */ = {isa = PBXBuildFile; fileRef = C8B0B2A7271D7366004B5EC6 /* ExchangeRate.swift */; };
		C8B0B2AD2726A9F0004B5EC6 /* ServicesURL.swift in Sources */ = {isa = PBXBuildFile; fileRef = C8B0B2AC2726A9F0004B5EC6 /* ServicesURL.swift */; };
		C8B0B2B32727104D004B5EC6 /* Alert.swift in Sources */ = {isa = PBXBuildFile; fileRef = C8B0B2B22727104D004B5EC6 /* Alert.swift */; };
		C8B3988126CD24010009D520 /* ExchangeRateService.swift in Sources */ = {isa = PBXBuildFile; fileRef = C8B3988026CD24010009D520 /* ExchangeRateService.swift */; };
/* End PBXBuildFile section */

/* Begin PBXFileReference section */
		C81C75B426A073A80068A906 /* LeBaluchon.app */ = {isa = PBXFileReference; explicitFileType = wrapper.application; includeInIndex = 0; path = LeBaluchon.app; sourceTree = BUILT_PRODUCTS_DIR; };
		C81C75B726A073A80068A906 /* AppDelegate.swift */ = {isa = PBXFileReference; lastKnownFileType = sourcecode.swift; path = AppDelegate.swift; sourceTree = "<group>"; };
		C81C75BE26A073A80068A906 /* Base */ = {isa = PBXFileReference; lastKnownFileType = file.storyboard; name = Base; path = Base.lproj/Main.storyboard; sourceTree = "<group>"; };
		C81C75C026A073AA0068A906 /* Assets.xcassets */ = {isa = PBXFileReference; lastKnownFileType = folder.assetcatalog; path = Assets.xcassets; sourceTree = "<group>"; };
		C81C75C526A073AA0068A906 /* Info.plist */ = {isa = PBXFileReference; lastKnownFileType = text.plist.xml; path = Info.plist; sourceTree = "<group>"; };
		C81C75DD26A172120068A906 /* ExchangeRateViewController.swift */ = {isa = PBXFileReference; lastKnownFileType = sourcecode.swift; path = ExchangeRateViewController.swift; sourceTree = "<group>"; };
		C81C75E126A1721F0068A906 /* TranslatorViewController.swift */ = {isa = PBXFileReference; lastKnownFileType = sourcecode.swift; path = TranslatorViewController.swift; sourceTree = "<group>"; };
		C81C75E426A1722C0068A906 /* WeatherViewController.swift */ = {isa = PBXFileReference; lastKnownFileType = sourcecode.swift; path = WeatherViewController.swift; sourceTree = "<group>"; };
		C8600C3C272AB21A00635536 /* Translator.swift */ = {isa = PBXFileReference; lastKnownFileType = sourcecode.swift; path = Translator.swift; sourceTree = "<group>"; };
		C8600C3F272AB23000635536 /* TranslatorService.swift */ = {isa = PBXFileReference; lastKnownFileType = sourcecode.swift; path = TranslatorService.swift; sourceTree = "<group>"; };
		C894FD13274E6B940098B6FD /* Weather.swift */ = {isa = PBXFileReference; lastKnownFileType = sourcecode.swift; path = Weather.swift; sourceTree = "<group>"; };
		C894FD15274E6E850098B6FD /* WeatherService.swift */ = {isa = PBXFileReference; lastKnownFileType = sourcecode.swift; path = WeatherService.swift; sourceTree = "<group>"; };
		C8B0B2A4271D7217004B5EC6 /* APIKeys.swift */ = {isa = PBXFileReference; lastKnownFileType = sourcecode.swift; path = APIKeys.swift; sourceTree = "<group>"; };
		C8B0B2A7271D7366004B5EC6 /* ExchangeRate.swift */ = {isa = PBXFileReference; lastKnownFileType = sourcecode.swift; path = ExchangeRate.swift; sourceTree = "<group>"; };
		C8B0B2AC2726A9F0004B5EC6 /* ServicesURL.swift */ = {isa = PBXFileReference; lastKnownFileType = sourcecode.swift; path = ServicesURL.swift; sourceTree = "<group>"; };
		C8B0B2B22727104D004B5EC6 /* Alert.swift */ = {isa = PBXFileReference; lastKnownFileType = sourcecode.swift; path = Alert.swift; sourceTree = "<group>"; };
		C8B3988026CD24010009D520 /* ExchangeRateService.swift */ = {isa = PBXFileReference; lastKnownFileType = sourcecode.swift; path = ExchangeRateService.swift; sourceTree = "<group>"; };
/* End PBXFileReference section */

/* Begin PBXFrameworksBuildPhase section */
		C81C75B126A073A80068A906 /* Frameworks */ = {
			isa = PBXFrameworksBuildPhase;
			buildActionMask = 2147483647;
			files = (
			);
			runOnlyForDeploymentPostprocessing = 0;
		};
/* End PBXFrameworksBuildPhase section */

/* Begin PBXGroup section */
		C81C75AB26A073A80068A906 = {
			isa = PBXGroup;
			children = (
				C81C75B626A073A80068A906 /* LeBaluchon */,
				C81C75B526A073A80068A906 /* Products */,
			);
			sourceTree = "<group>";
		};
		C81C75B526A073A80068A906 /* Products */ = {
			isa = PBXGroup;
			children = (
				C81C75B426A073A80068A906 /* LeBaluchon.app */,
			);
			name = Products;
			sourceTree = "<group>";
		};
		C81C75B626A073A80068A906 /* LeBaluchon */ = {
			isa = PBXGroup;
			children = (
				C8B0B2B127271030004B5EC6 /* Extension */,
				C81C75CF26A074A40068A906 /* Supporting files */,
				C81C75CE26A0749A0068A906 /* Model */,
				C81C75CD26A074930068A906 /* View */,
				C81C75CC26A0748A0068A906 /* Controller */,
				C81C75C526A073AA0068A906 /* Info.plist */,
			);
			path = LeBaluchon;
			sourceTree = "<group>";
		};
		C81C75CC26A0748A0068A906 /* Controller */ = {
			isa = PBXGroup;
			children = (
				C81C75DD26A172120068A906 /* ExchangeRateViewController.swift */,
				C81C75E126A1721F0068A906 /* TranslatorViewController.swift */,
				C81C75E426A1722C0068A906 /* WeatherViewController.swift */,
			);
			path = Controller;
			sourceTree = "<group>";
		};
		C81C75CD26A074930068A906 /* View */ = {
			isa = PBXGroup;
			children = (
				C81C75BD26A073A80068A906 /* Main.storyboard */,
			);
			path = View;
			sourceTree = "<group>";
		};
		C81C75CE26A0749A0068A906 /* Model */ = {
			isa = PBXGroup;
			children = (
				C894FD19274E99D90098B6FD /* ExchangeRate */,
				C894FD18274E99C50098B6FD /* Translate */,
				C894FD17274E99A60098B6FD /* Weather */,
				C8B0B2AC2726A9F0004B5EC6 /* ServicesURL.swift */,
			);
			path = Model;
			sourceTree = "<group>";
		};
		C81C75CF26A074A40068A906 /* Supporting files */ = {
			isa = PBXGroup;
			children = (
				C81C75B726A073A80068A906 /* AppDelegate.swift */,
				C81C75C026A073AA0068A906 /* Assets.xcassets */,
				C8B0B2A4271D7217004B5EC6 /* APIKeys.swift */,
			);
			path = "Supporting files";
			sourceTree = "<group>";
		};
		C894FD17274E99A60098B6FD /* Weather */ = {
			isa = PBXGroup;
			children = (
				C894FD13274E6B940098B6FD /* Weather.swift */,
				C894FD15274E6E850098B6FD /* WeatherService.swift */,
			);
			path = Weather;
			sourceTree = "<group>";
		};
		C894FD18274E99C50098B6FD /* Translate */ = {
			isa = PBXGroup;
			children = (
				C8600C3C272AB21A00635536 /* Translator.swift */,
				C8600C3F272AB23000635536 /* TranslatorService.swift */,
			);
			path = Translate;
			sourceTree = "<group>";
		};
		C894FD19274E99D90098B6FD /* ExchangeRate */ = {
			isa = PBXGroup;
			children = (
				C8B0B2A7271D7366004B5EC6 /* ExchangeRate.swift */,
				C8B3988026CD24010009D520 /* ExchangeRateService.swift */,
			);
			path = ExchangeRate;
			sourceTree = "<group>";
		};
		C8B0B2B127271030004B5EC6 /* Extension */ = {
			isa = PBXGroup;
			children = (
				C8B0B2B22727104D004B5EC6 /* Alert.swift */,
			);
			path = Extension;
			sourceTree = "<group>";
		};
/* End PBXGroup section */

/* Begin PBXNativeTarget section */
		C81C75B326A073A80068A906 /* LeBaluchon */ = {
			isa = PBXNativeTarget;
			buildConfigurationList = C81C75C826A073AA0068A906 /* Build configuration list for PBXNativeTarget "LeBaluchon" */;
			buildPhases = (
				C81C75B026A073A80068A906 /* Sources */,
				C81C75B126A073A80068A906 /* Frameworks */,
				C81C75B226A073A80068A906 /* Resources */,
			);
			buildRules = (
			);
			dependencies = (
			);
			name = LeBaluchon;
			productName = LeBaluchon;
			productReference = C81C75B426A073A80068A906 /* LeBaluchon.app */;
			productType = "com.apple.product-type.application";
		};
/* End PBXNativeTarget section */

/* Begin PBXProject section */
		C81C75AC26A073A80068A906 /* Project object */ = {
			isa = PBXProject;
			attributes = {
				LastSwiftUpdateCheck = 1240;
				LastUpgradeCheck = 1310;
				TargetAttributes = {
					C81C75B326A073A80068A906 = {
						CreatedOnToolsVersion = 12.4;
					};
				};
			};
			buildConfigurationList = C81C75AF26A073A80068A906 /* Build configuration list for PBXProject "LeBaluchon" */;
			compatibilityVersion = "Xcode 9.3";
			developmentRegion = en;
			hasScannedForEncodings = 0;
			knownRegions = (
				en,
				Base,
			);
			mainGroup = C81C75AB26A073A80068A906;
			productRefGroup = C81C75B526A073A80068A906 /* Products */;
			projectDirPath = "";
			projectRoot = "";
			targets = (
				C81C75B326A073A80068A906 /* LeBaluchon */,
			);
		};
/* End PBXProject section */

/* Begin PBXResourcesBuildPhase section */
		C81C75B226A073A80068A906 /* Resources */ = {
			isa = PBXResourcesBuildPhase;
			buildActionMask = 2147483647;
			files = (
				C81C75C126A073AA0068A906 /* Assets.xcassets in Resources */,
				C81C75BF26A073A80068A906 /* Main.storyboard in Resources */,
			);
			runOnlyForDeploymentPostprocessing = 0;
		};
/* End PBXResourcesBuildPhase section */

/* Begin PBXSourcesBuildPhase section */
		C81C75B026A073A80068A906 /* Sources */ = {
			isa = PBXSourcesBuildPhase;
			buildActionMask = 2147483647;
			files = (
				C8B0B2B32727104D004B5EC6 /* Alert.swift in Sources */,
				C8B0B2A5271D7217004B5EC6 /* APIKeys.swift in Sources */,
				C81C75E526A1722C0068A906 /* WeatherViewController.swift in Sources */,
				C81C75B826A073A80068A906 /* AppDelegate.swift in Sources */,
				C894FD14274E6B940098B6FD /* Weather.swift in Sources */,
				C8B0B2AD2726A9F0004B5EC6 /* ServicesURL.swift in Sources */,
				C81C75DE26A172120068A906 /* ExchangeRateViewController.swift in Sources */,
				C8600C40272AB23000635536 /* TranslatorService.swift in Sources */,
				C8B3988126CD24010009D520 /* ExchangeRateService.swift in Sources */,
				C8600C3D272AB21A00635536 /* Translator.swift in Sources */,
				C8B0B2A8271D7366004B5EC6 /* ExchangeRate.swift in Sources */,
				C81C75E226A1721F0068A906 /* TranslatorViewController.swift in Sources */,
				C894FD16274E6E850098B6FD /* WeatherService.swift in Sources */,
			);
			runOnlyForDeploymentPostprocessing = 0;
		};
/* End PBXSourcesBuildPhase section */

/* Begin PBXVariantGroup section */
		C81C75BD26A073A80068A906 /* Main.storyboard */ = {
			isa = PBXVariantGroup;
			children = (
				C81C75BE26A073A80068A906 /* Base */,
			);
			name = Main.storyboard;
			sourceTree = "<group>";
		};
/* End PBXVariantGroup section */

/* Begin XCBuildConfiguration section */
		C81C75C626A073AA0068A906 /* Debug */ = {
			isa = XCBuildConfiguration;
			buildSettings = {
				ALWAYS_SEARCH_USER_PATHS = NO;
				CLANG_ANALYZER_NONNULL = YES;
				CLANG_ANALYZER_NUMBER_OBJECT_CONVERSION = YES_AGGRESSIVE;
				CLANG_CXX_LANGUAGE_STANDARD = "gnu++14";
				CLANG_CXX_LIBRARY = "libc++";
				CLANG_ENABLE_MODULES = YES;
				CLANG_ENABLE_OBJC_ARC = YES;
				CLANG_ENABLE_OBJC_WEAK = YES;
				CLANG_WARN_BLOCK_CAPTURE_AUTORELEASING = YES;
				CLANG_WARN_BOOL_CONVERSION = YES;
				CLANG_WARN_COMMA = YES;
				CLANG_WARN_CONSTANT_CONVERSION = YES;
				CLANG_WARN_DEPRECATED_OBJC_IMPLEMENTATIONS = YES;
				CLANG_WARN_DIRECT_OBJC_ISA_USAGE = YES_ERROR;
				CLANG_WARN_DOCUMENTATION_COMMENTS = YES;
				CLANG_WARN_EMPTY_BODY = YES;
				CLANG_WARN_ENUM_CONVERSION = YES;
				CLANG_WARN_INFINITE_RECURSION = YES;
				CLANG_WARN_INT_CONVERSION = YES;
				CLANG_WARN_NON_LITERAL_NULL_CONVERSION = YES;
				CLANG_WARN_OBJC_IMPLICIT_RETAIN_SELF = YES;
				CLANG_WARN_OBJC_LITERAL_CONVERSION = YES;
				CLANG_WARN_OBJC_ROOT_CLASS = YES_ERROR;
				CLANG_WARN_QUOTED_INCLUDE_IN_FRAMEWORK_HEADER = YES;
				CLANG_WARN_RANGE_LOOP_ANALYSIS = YES;
				CLANG_WARN_STRICT_PROTOTYPES = YES;
				CLANG_WARN_SUSPICIOUS_MOVE = YES;
				CLANG_WARN_UNGUARDED_AVAILABILITY = YES_AGGRESSIVE;
				CLANG_WARN_UNREACHABLE_CODE = YES;
				CLANG_WARN__DUPLICATE_METHOD_MATCH = YES;
				COPY_PHASE_STRIP = NO;
				DEBUG_INFORMATION_FORMAT = dwarf;
				ENABLE_STRICT_OBJC_MSGSEND = YES;
				ENABLE_TESTABILITY = YES;
				GCC_C_LANGUAGE_STANDARD = gnu11;
				GCC_DYNAMIC_NO_PIC = NO;
				GCC_NO_COMMON_BLOCKS = YES;
				GCC_OPTIMIZATION_LEVEL = 0;
				GCC_PREPROCESSOR_DEFINITIONS = (
					"DEBUG=1",
					"$(inherited)",
				);
				GCC_WARN_64_TO_32_BIT_CONVERSION = YES;
				GCC_WARN_ABOUT_RETURN_TYPE = YES_ERROR;
				GCC_WARN_UNDECLARED_SELECTOR = YES;
				GCC_WARN_UNINITIALIZED_AUTOS = YES_AGGRESSIVE;
				GCC_WARN_UNUSED_FUNCTION = YES;
				GCC_WARN_UNUSED_VARIABLE = YES;
				IPHONEOS_DEPLOYMENT_TARGET = 15.0;
				MTL_ENABLE_DEBUG_INFO = INCLUDE_SOURCE;
				MTL_FAST_MATH = YES;
				ONLY_ACTIVE_ARCH = YES;
				SDKROOT = iphoneos;
				SWIFT_ACTIVE_COMPILATION_CONDITIONS = DEBUG;
				SWIFT_OPTIMIZATION_LEVEL = "-Onone";
			};
			name = Debug;
		};
		C81C75C726A073AA0068A906 /* Release */ = {
			isa = XCBuildConfiguration;
			buildSettings = {
				ALWAYS_SEARCH_USER_PATHS = NO;
				CLANG_ANALYZER_NONNULL = YES;
				CLANG_ANALYZER_NUMBER_OBJECT_CONVERSION = YES_AGGRESSIVE;
				CLANG_CXX_LANGUAGE_STANDARD = "gnu++14";
				CLANG_CXX_LIBRARY = "libc++";
				CLANG_ENABLE_MODULES = YES;
				CLANG_ENABLE_OBJC_ARC = YES;
				CLANG_ENABLE_OBJC_WEAK = YES;
				CLANG_WARN_BLOCK_CAPTURE_AUTORELEASING = YES;
				CLANG_WARN_BOOL_CONVERSION = YES;
				CLANG_WARN_COMMA = YES;
				CLANG_WARN_CONSTANT_CONVERSION = YES;
				CLANG_WARN_DEPRECATED_OBJC_IMPLEMENTATIONS = YES;
				CLANG_WARN_DIRECT_OBJC_ISA_USAGE = YES_ERROR;
				CLANG_WARN_DOCUMENTATION_COMMENTS = YES;
				CLANG_WARN_EMPTY_BODY = YES;
				CLANG_WARN_ENUM_CONVERSION = YES;
				CLANG_WARN_INFINITE_RECURSION = YES;
				CLANG_WARN_INT_CONVERSION = YES;
				CLANG_WARN_NON_LITERAL_NULL_CONVERSION = YES;
				CLANG_WARN_OBJC_IMPLICIT_RETAIN_SELF = YES;
				CLANG_WARN_OBJC_LITERAL_CONVERSION = YES;
				CLANG_WARN_OBJC_ROOT_CLASS = YES_ERROR;
				CLANG_WARN_QUOTED_INCLUDE_IN_FRAMEWORK_HEADER = YES;
				CLANG_WARN_RANGE_LOOP_ANALYSIS = YES;
				CLANG_WARN_STRICT_PROTOTYPES = YES;
				CLANG_WARN_SUSPICIOUS_MOVE = YES;
				CLANG_WARN_UNGUARDED_AVAILABILITY = YES_AGGRESSIVE;
				CLANG_WARN_UNREACHABLE_CODE = YES;
				CLANG_WARN__DUPLICATE_METHOD_MATCH = YES;
				COPY_PHASE_STRIP = NO;
				DEBUG_INFORMATION_FORMAT = "dwarf-with-dsym";
				ENABLE_NS_ASSERTIONS = NO;
				ENABLE_STRICT_OBJC_MSGSEND = YES;
				GCC_C_LANGUAGE_STANDARD = gnu11;
				GCC_NO_COMMON_BLOCKS = YES;
				GCC_WARN_64_TO_32_BIT_CONVERSION = YES;
				GCC_WARN_ABOUT_RETURN_TYPE = YES_ERROR;
				GCC_WARN_UNDECLARED_SELECTOR = YES;
				GCC_WARN_UNINITIALIZED_AUTOS = YES_AGGRESSIVE;
				GCC_WARN_UNUSED_FUNCTION = YES;
				GCC_WARN_UNUSED_VARIABLE = YES;
				IPHONEOS_DEPLOYMENT_TARGET = 15.0;
				MTL_ENABLE_DEBUG_INFO = NO;
				MTL_FAST_MATH = YES;
				SDKROOT = iphoneos;
				SWIFT_COMPILATION_MODE = wholemodule;
				SWIFT_OPTIMIZATION_LEVEL = "-O";
				VALIDATE_PRODUCT = YES;
			};
			name = Release;
		};
		C81C75C926A073AA0068A906 /* Debug */ = {
			isa = XCBuildConfiguration;
			buildSettings = {
				ASSETCATALOG_COMPILER_APPICON_NAME = AppIcon;
				ASSETCATALOG_COMPILER_GLOBAL_ACCENT_COLOR_NAME = AccentColor;
				CODE_SIGN_STYLE = Automatic;
				DEVELOPMENT_TEAM = 57HD766KQ6;
				INFOPLIST_FILE = LeBaluchon/Info.plist;
				LD_RUNPATH_SEARCH_PATHS = (
					"$(inherited)",
					"@executable_path/Frameworks",
				);
				PRODUCT_BUNDLE_IDENTIFIER = com.david.dasilva.LeBaluchon;
				PRODUCT_NAME = "$(TARGET_NAME)";
				SWIFT_VERSION = 5.0;
				TARGETED_DEVICE_FAMILY = 1;
			};
			name = Debug;
		};
		C81C75CA26A073AA0068A906 /* Release */ = {
			isa = XCBuildConfiguration;
			buildSettings = {
				ASSETCATALOG_COMPILER_APPICON_NAME = AppIcon;
				ASSETCATALOG_COMPILER_GLOBAL_ACCENT_COLOR_NAME = AccentColor;
				CODE_SIGN_STYLE = Automatic;
				DEVELOPMENT_TEAM = 57HD766KQ6;
				INFOPLIST_FILE = LeBaluchon/Info.plist;
				LD_RUNPATH_SEARCH_PATHS = (
					"$(inherited)",
					"@executable_path/Frameworks",
				);
				PRODUCT_BUNDLE_IDENTIFIER = com.david.dasilva.LeBaluchon;
				PRODUCT_NAME = "$(TARGET_NAME)";
				SWIFT_VERSION = 5.0;
				TARGETED_DEVICE_FAMILY = 1;
			};
			name = Release;
		};
/* End XCBuildConfiguration section */

/* Begin XCConfigurationList section */
		C81C75AF26A073A80068A906 /* Build configuration list for PBXProject "LeBaluchon" */ = {
			isa = XCConfigurationList;
			buildConfigurations = (
				C81C75C626A073AA0068A906 /* Debug */,
				C81C75C726A073AA0068A906 /* Release */,
			);
			defaultConfigurationIsVisible = 0;
			defaultConfigurationName = Release;
		};
		C81C75C826A073AA0068A906 /* Build configuration list for PBXNativeTarget "LeBaluchon" */ = {
			isa = XCConfigurationList;
			buildConfigurations = (
				C81C75C926A073AA0068A906 /* Debug */,
				C81C75CA26A073AA0068A906 /* Release */,
			);
			defaultConfigurationIsVisible = 0;
			defaultConfigurationName = Release;
		};
/* End XCConfigurationList section */
	};
	rootObject = C81C75AC26A073A80068A906 /* Project object */;
}
